
Microsoft Visual Studio Solution File, Format Version 12.00
# Visual Studio 15
VisualStudioVersion = 15.0.27004.2008
MinimumVisualStudioVersion = 10.0.40219.1
Project("{FAE04EC0-301F-11D3-BF4B-00C04F79EFBC}") = "prottype_soft_oscillo", "prottype_soft_oscillo\prottype_soft_oscillo.csproj", "{5A785189-943B-4D69-BA51-8D4570F4EC9B}"
	ProjectSection(ProjectDependencies) = postProject
		{740CFED6-C509-46F5-91D1-EAD5FC453958} = {740CFED6-C509-46F5-91D1-EAD5FC453958}
	EndProjectSection
EndProject
Project("{9A19103F-16F7-4668-BE54-9A1E7A4F7556}") = "OxyPlot", "oxyplot\OxyPlot\OxyPlot.csproj", "{10F889E7-E539-444F-A56C-02BCED3B85C9}"
EndProject
Project("{FAE04EC0-301F-11D3-BF4B-00C04F79EFBC}") = "OxyPlot.OpenXml", "oxyplot\OxyPlot.OpenXml\OxyPlot.OpenXml.csproj", "{BB4FA452-A96A-4C47-AA65-7E88F6FAE873}"
EndProject
Project("{FAE04EC0-301F-11D3-BF4B-00C04F79EFBC}") = "OxyPlot.Pdf", "oxyplot\OxyPlot.Pdf\OxyPlot.Pdf.csproj", "{12737C3F-5770-403F-90A1-BC12EBD1BB31}"
	ProjectSection(ProjectDependencies) = postProject
		{10F889E7-E539-444F-A56C-02BCED3B85C9} = {10F889E7-E539-444F-A56C-02BCED3B85C9}
	EndProjectSection
EndProject
Project("{FAE04EC0-301F-11D3-BF4B-00C04F79EFBC}") = "OxyPlot.Wpf", "oxyplot\OxyPlot.Wpf\OxyPlot.Wpf.csproj", "{698CCD8E-ADCC-4565-8517-5EDD36F07155}"
	ProjectSection(ProjectDependencies) = postProject
		{10F889E7-E539-444F-A56C-02BCED3B85C9} = {10F889E7-E539-444F-A56C-02BCED3B85C9}
	EndProjectSection
EndProject
Project("{8BC9CEB8-8B4A-11D0-8D11-00A0C91BC942}") = "MotionSensorFunc", "MotionSensorFunc\MotionSensorFunc\MotionSensorFunc.vcxproj", "{906856F1-85D4-46DA-968B-95CA09848AAC}"
EndProject
Project("{8BC9CEB8-8B4A-11D0-8D11-00A0C91BC942}") = "NotifyDeviceFunc", "NotifyDeviceFunc\NotifyDeviceFunc\NotifyDeviceFunc.vcxproj", "{740CFED6-C509-46F5-91D1-EAD5FC453958}"
EndProject
Global
	GlobalSection(SolutionConfigurationPlatforms) = preSolution
		Debug|Any CPU = Debug|Any CPU
		Debug|x64 = Debug|x64
		Debug|x86 = Debug|x86
		Release|Any CPU = Release|Any CPU
		Release|x64 = Release|x64
		Release|x86 = Release|x86
	EndGlobalSection
	GlobalSection(ProjectConfigurationPlatforms) = postSolution
		{5A785189-943B-4D69-BA51-8D4570F4EC9B}.Debug|Any CPU.ActiveCfg = Debug|Any CPU
		{5A785189-943B-4D69-BA51-8D4570F4EC9B}.Debug|Any CPU.Build.0 = Debug|Any CPU
		{5A785189-943B-4D69-BA51-8D4570F4EC9B}.Debug|x64.ActiveCfg = Debug|Any CPU
		{5A785189-943B-4D69-BA51-8D4570F4EC9B}.Debug|x64.Build.0 = Debug|Any CPU
		{5A785189-943B-4D69-BA51-8D4570F4EC9B}.Debug|x86.ActiveCfg = Debug|Any CPU
		{5A785189-943B-4D69-BA51-8D4570F4EC9B}.Debug|x86.Build.0 = Debug|Any CPU
		{5A785189-943B-4D69-BA51-8D4570F4EC9B}.Release|Any CPU.ActiveCfg = Release|Any CPU
		{5A785189-943B-4D69-BA51-8D4570F4EC9B}.Release|Any CPU.Build.0 = Release|Any CPU
		{5A785189-943B-4D69-BA51-8D4570F4EC9B}.Release|x64.ActiveCfg = Release|Any CPU
		{5A785189-943B-4D69-BA51-8D4570F4EC9B}.Release|x64.Build.0 = Release|Any CPU
		{5A785189-943B-4D69-BA51-8D4570F4EC9B}.Release|x86.ActiveCfg = Release|Any CPU
		{5A785189-943B-4D69-BA51-8D4570F4EC9B}.Release|x86.Build.0 = Release|Any CPU
		{10F889E7-E539-444F-A56C-02BCED3B85C9}.Debug|Any CPU.ActiveCfg = Debug|Any CPU
		{10F889E7-E539-444F-A56C-02BCED3B85C9}.Debug|Any CPU.Build.0 = Debug|Any CPU
		{10F889E7-E539-444F-A56C-02BCED3B85C9}.Debug|x64.ActiveCfg = Debug|Any CPU
		{10F889E7-E539-444F-A56C-02BCED3B85C9}.Debug|x64.Build.0 = Debug|Any CPU
		{10F889E7-E539-444F-A56C-02BCED3B85C9}.Debug|x86.ActiveCfg = Debug|Any CPU
		{10F889E7-E539-444F-A56C-02BCED3B85C9}.Debug|x86.Build.0 = Debug|Any CPU
		{10F889E7-E539-444F-A56C-02BCED3B85C9}.Release|Any CPU.ActiveCfg = Release|Any CPU
		{10F889E7-E539-444F-A56C-02BCED3B85C9}.Release|Any CPU.Build.0 = Release|Any CPU
		{10F889E7-E539-444F-A56C-02BCED3B85C9}.Release|x64.ActiveCfg = Release|Any CPU
		{10F889E7-E539-444F-A56C-02BCED3B85C9}.Release|x64.Build.0 = Release|Any CPU
		{10F889E7-E539-444F-A56C-02BCED3B85C9}.Release|x86.ActiveCfg = Release|Any CPU
		{10F889E7-E539-444F-A56C-02BCED3B85C9}.Release|x86.Build.0 = Release|Any CPU
		{BB4FA452-A96A-4C47-AA65-7E88F6FAE873}.Debug|Any CPU.ActiveCfg = Debug|Any CPU
		{BB4FA452-A96A-4C47-AA65-7E88F6FAE873}.Debug|Any CPU.Build.0 = Debug|Any CPU
		{BB4FA452-A96A-4C47-AA65-7E88F6FAE873}.Debug|x64.ActiveCfg = Debug|Any CPU
		{BB4FA452-A96A-4C47-AA65-7E88F6FAE873}.Debug|x64.Build.0 = Debug|Any CPU
		{BB4FA452-A96A-4C47-AA65-7E88F6FAE873}.Debug|x86.ActiveCfg = Debug|Any CPU
		{BB4FA452-A96A-4C47-AA65-7E88F6FAE873}.Debug|x86.Build.0 = Debug|Any CPU
		{BB4FA452-A96A-4C47-AA65-7E88F6FAE873}.Release|Any CPU.ActiveCfg = Release|Any CPU
		{BB4FA452-A96A-4C47-AA65-7E88F6FAE873}.Release|Any CPU.Build.0 = Release|Any CPU
		{BB4FA452-A96A-4C47-AA65-7E88F6FAE873}.Release|x64.ActiveCfg = Release|Any CPU
		{BB4FA452-A96A-4C47-AA65-7E88F6FAE873}.Release|x64.Build.0 = Release|Any CPU
		{BB4FA452-A96A-4C47-AA65-7E88F6FAE873}.Release|x86.ActiveCfg = Release|Any CPU
		{BB4FA452-A96A-4C47-AA65-7E88F6FAE873}.Release|x86.Build.0 = Release|Any CPU
		{12737C3F-5770-403F-90A1-BC12EBD1BB31}.Debug|Any CPU.ActiveCfg = Debug|Any CPU
		{12737C3F-5770-403F-90A1-BC12EBD1BB31}.Debug|Any CPU.Build.0 = Debug|Any CPU
		{12737C3F-5770-403F-90A1-BC12EBD1BB31}.Debug|x64.ActiveCfg = Debug|Any CPU
		{12737C3F-5770-403F-90A1-BC12EBD1BB31}.Debug|x64.Build.0 = Debug|Any CPU
		{12737C3F-5770-403F-90A1-BC12EBD1BB31}.Debug|x86.ActiveCfg = Debug|Any CPU
		{12737C3F-5770-403F-90A1-BC12EBD1BB31}.Debug|x86.Build.0 = Debug|Any CPU
		{12737C3F-5770-403F-90A1-BC12EBD1BB31}.Release|Any CPU.ActiveCfg = Release|Any CPU
		{12737C3F-5770-403F-90A1-BC12EBD1BB31}.Release|Any CPU.Build.0 = Release|Any CPU
		{12737C3F-5770-403F-90A1-BC12EBD1BB31}.Release|x64.ActiveCfg = Release|Any CPU
		{12737C3F-5770-403F-90A1-BC12EBD1BB31}.Release|x64.Build.0 = Release|Any CPU
		{12737C3F-5770-403F-90A1-BC12EBD1BB31}.Release|x86.ActiveCfg = Release|Any CPU
		{12737C3F-5770-403F-90A1-BC12EBD1BB31}.Release|x86.Build.0 = Release|Any CPU
		{698CCD8E-ADCC-4565-8517-5EDD36F07155}.Debug|Any CPU.ActiveCfg = Debug|Any CPU
		{698CCD8E-ADCC-4565-8517-5EDD36F07155}.Debug|Any CPU.Build.0 = Debug|Any CPU
		{698CCD8E-ADCC-4565-8517-5EDD36F07155}.Debug|x64.ActiveCfg = Debug|Any CPU
		{698CCD8E-ADCC-4565-8517-5EDD36F07155}.Debug|x64.Build.0 = Debug|Any CPU
		{698CCD8E-ADCC-4565-8517-5EDD36F07155}.Debug|x86.ActiveCfg = Debug|Any CPU
		{698CCD8E-ADCC-4565-8517-5EDD36F07155}.Debug|x86.Build.0 = Debug|Any CPU
		{698CCD8E-ADCC-4565-8517-5EDD36F07155}.Release|Any CPU.ActiveCfg = Release|Any CPU
		{698CCD8E-ADCC-4565-8517-5EDD36F07155}.Release|Any CPU.Build.0 = Release|Any CPU
		{698CCD8E-ADCC-4565-8517-5EDD36F07155}.Release|x64.ActiveCfg = Release|Any CPU
		{698CCD8E-ADCC-4565-8517-5EDD36F07155}.Release|x64.Build.0 = Release|Any CPU
		{698CCD8E-ADCC-4565-8517-5EDD36F07155}.Release|x86.ActiveCfg = Release|Any CPU
		{698CCD8E-ADCC-4565-8517-5EDD36F07155}.Release|x86.Build.0 = Release|Any CPU
		{906856F1-85D4-46DA-968B-95CA09848AAC}.Debug|Any CPU.ActiveCfg = Debug|Win32
		{906856F1-85D4-46DA-968B-95CA09848AAC}.Debug|x64.ActiveCfg = Debug|x64
		{906856F1-85D4-46DA-968B-95CA09848AAC}.Debug|x64.Build.0 = Debug|x64
		{906856F1-85D4-46DA-968B-95CA09848AAC}.Debug|x86.ActiveCfg = Debug|Win32
		{906856F1-85D4-46DA-968B-95CA09848AAC}.Debug|x86.Build.0 = Debug|Win32
		{906856F1-85D4-46DA-968B-95CA09848AAC}.Release|Any CPU.ActiveCfg = Release|Win32
		{906856F1-85D4-46DA-968B-95CA09848AAC}.Release|x64.ActiveCfg = Release|x64
		{906856F1-85D4-46DA-968B-95CA09848AAC}.Release|x64.Build.0 = Release|x64
		{906856F1-85D4-46DA-968B-95CA09848AAC}.Release|x86.ActiveCfg = Release|Win32
		{906856F1-85D4-46DA-968B-95CA09848AAC}.Release|x86.Build.0 = Release|Win32
		{740CFED6-C509-46F5-91D1-EAD5FC453958}.Debug|Any CPU.ActiveCfg = Debug|Win32
		{740CFED6-C509-46F5-91D1-EAD5FC453958}.Debug|x64.ActiveCfg = Debug|x64
		{740CFED6-C509-46F5-91D1-EAD5FC453958}.Debug|x64.Build.0 = Debug|x64
		{740CFED6-C509-46F5-91D1-EAD5FC453958}.Debug|x86.ActiveCfg = Debug|Win32
		{740CFED6-C509-46F5-91D1-EAD5FC453958}.Debug|x86.Build.0 = Debug|Win32
		{740CFED6-C509-46F5-91D1-EAD5FC453958}.Release|Any CPU.ActiveCfg = Release|Win32
		{740CFED6-C509-46F5-91D1-EAD5FC453958}.Release|x64.ActiveCfg = Release|x64
		{740CFED6-C509-46F5-91D1-EAD5FC453958}.Release|x64.Build.0 = Release|x64
		{740CFED6-C509-46F5-91D1-EAD5FC453958}.Release|x86.ActiveCfg = Release|Win32
		{740CFED6-C509-46F5-91D1-EAD5FC453958}.Release|x86.Build.0 = Release|Win32
	EndGlobalSection
	GlobalSection(SolutionProperties) = preSolution
		HideSolutionNode = FALSE
	EndGlobalSection
	GlobalSection(ExtensibilityGlobals) = postSolution
		SolutionGuid = {CF3E14B9-4EA4-4FA4-AB4C-7CF4C034F512}
	EndGlobalSection
EndGlobal
