
Microsoft Visual Studio Solution File, Format Version 12.00
# Visual Studio 15
VisualStudioVersion = 15.0.27004.2008
MinimumVisualStudioVersion = 10.0.40219.1
Project("{8BC9CEB8-8B4A-11D0-8D11-00A0C91BC942}") = "MotionSensorFunc", "MotionSensorFunc\MotionSensorFunc.vcxproj", "{906856F1-85D4-46DA-968B-95CA09848AAC}"
EndProject
Global
	GlobalSection(SolutionConfigurationPlatforms) = preSolution
		Debug|x64 = Debug|x64
		Debug|x86 = Debug|x86
		Release|x64 = Release|x64
		Release|x86 = Release|x86
	EndGlobalSection
	GlobalSection(ProjectConfigurationPlatforms) = postSolution
		{906856F1-85D4-46DA-968B-95CA09848AAC}.Debug|x64.ActiveCfg = Debug|x64
		{906856F1-85D4-46DA-968B-95CA09848AAC}.Debug|x64.Build.0 = Debug|x64
		{906856F1-85D4-46DA-968B-95CA09848AAC}.Debug|x86.ActiveCfg = Debug|Win32
		{906856F1-85D4-46DA-968B-95CA09848AAC}.Debug|x86.Build.0 = Debug|Win32
		{906856F1-85D4-46DA-968B-95CA09848AAC}.Release|x64.ActiveCfg = Release|x64
		{906856F1-85D4-46DA-968B-95CA09848AAC}.Release|x64.Build.0 = Release|x64
		{906856F1-85D4-46DA-968B-95CA09848AAC}.Release|x86.ActiveCfg = Release|Win32
		{906856F1-85D4-46DA-968B-95CA09848AAC}.Release|x86.Build.0 = Release|Win32
	EndGlobalSection
	GlobalSection(SolutionProperties) = preSolution
		HideSolutionNode = FALSE
	EndGlobalSection
	GlobalSection(ExtensibilityGlobals) = postSolution
		SolutionGuid = {6BC30440-0E9E-4E6B-9683-B95E1737CA98}
	EndGlobalSection
EndGlobal
